
Microsoft Visual Studio Solution File, Format Version 12.00
# Visual Studio 14
VisualStudioVersion = 14.0.25420.1
MinimumVisualStudioVersion = 10.0.40219.1
Project("{2150E333-8FDC-42A3-9474-1A3956D46DE8}") = "src", "src", "{AB3C38AD-E4A3-4EBC-B210-3380AB6AF481}"
EndProject
Project("{2150E333-8FDC-42A3-9474-1A3956D46DE8}") = "Solution Items", "Solution Items", "{35375C45-318E-45F5-8969-ED9DAE9C7CAD}"
	ProjectSection(SolutionItems) = preProject
		global.json = global.json
	EndProjectSection
EndProject
Project("{8BB2217D-0F2D-49D1-97BC-3654ED321F3B}") = "Fibonacci", "src\Fibonacci\Fibonacci.xproj", "{4C1B6468-21D7-46C0-A682-15293B29CE1B}"
EndProject
Global
	GlobalSection(SolutionConfigurationPlatforms) = preSolution
		Debug|Any CPU = Debug|Any CPU
		Release|Any CPU = Release|Any CPU
	EndGlobalSection
	GlobalSection(ProjectConfigurationPlatforms) = postSolution
		{4C1B6468-21D7-46C0-A682-15293B29CE1B}.Debug|Any CPU.ActiveCfg = Debug|Any CPU
		{4C1B6468-21D7-46C0-A682-15293B29CE1B}.Debug|Any CPU.Build.0 = Debug|Any CPU
		{4C1B6468-21D7-46C0-A682-15293B29CE1B}.Release|Any CPU.ActiveCfg = Release|Any CPU
		{4C1B6468-21D7-46C0-A682-15293B29CE1B}.Release|Any CPU.Build.0 = Release|Any CPU
	EndGlobalSection
	GlobalSection(SolutionProperties) = preSolution
		HideSolutionNode = FALSE
	EndGlobalSection
	GlobalSection(NestedProjects) = preSolution
		{4C1B6468-21D7-46C0-A682-15293B29CE1B} = {AB3C38AD-E4A3-4EBC-B210-3380AB6AF481}
	EndGlobalSection
EndGlobal
